
Microsoft Visual Studio Solution File, Format Version 12.00
# Visual Studio Version 16
VisualStudioVersion = 16.0.29418.71
MinimumVisualStudioVersion = 10.0.40219.1
Project("{FAE04EC0-301F-11D3-BF4B-00C04F79EFBC}") = "GrafanaTelegramWebHook", "GrafanaTelegramWebHook\GrafanaTelegramWebHook.csproj", "{DEA35351-A7DC-42C7-8471-F0092E0F1F37}"
EndProject
Global
	GlobalSection(SolutionConfigurationPlatforms) = preSolution
		Debug|Any CPU = Debug|Any CPU
		Release|Any CPU = Release|Any CPU
	EndGlobalSection
	GlobalSection(ProjectConfigurationPlatforms) = postSolution
		{DEA35351-A7DC-42C7-8471-F0092E0F1F37}.Debug|Any CPU.ActiveCfg = Debug|Any CPU
		{DEA35351-A7DC-42C7-8471-F0092E0F1F37}.Debug|Any CPU.Build.0 = Debug|Any CPU
		{DEA35351-A7DC-42C7-8471-F0092E0F1F37}.Release|Any CPU.ActiveCfg = Release|Any CPU
		{DEA35351-A7DC-42C7-8471-F0092E0F1F37}.Release|Any CPU.Build.0 = Release|Any CPU
	EndGlobalSection
	GlobalSection(SolutionProperties) = preSolution
		HideSolutionNode = FALSE
	EndGlobalSection
	GlobalSection(ExtensibilityGlobals) = postSolution
		SolutionGuid = {D090C12A-E091-4C7B-A129-8D89220413C0}
	EndGlobalSection
EndGlobal
